
Microsoft Visual Studio Solution File, Format Version 12.00
# Visual Studio 15
VisualStudioVersion = 15.0.26730.10
MinimumVisualStudioVersion = 10.0.40219.1
Project("{FAE04EC0-301F-11D3-BF4B-00C04F79EFBC}") = "mothernaturesfarm.web", "mothernaturesfarm.web\mothernaturesfarm.web.csproj", "{61182723-73C7-44C6-A82E-D47EDEDB70A6}"
EndProject
Global
	GlobalSection(SolutionConfigurationPlatforms) = preSolution
		Debug|Any CPU = Debug|Any CPU
		Release|Any CPU = Release|Any CPU
	EndGlobalSection
	GlobalSection(ProjectConfigurationPlatforms) = postSolution
		{61182723-73C7-44C6-A82E-D47EDEDB70A6}.Debug|Any CPU.ActiveCfg = Debug|Any CPU
		{61182723-73C7-44C6-A82E-D47EDEDB70A6}.Debug|Any CPU.Build.0 = Debug|Any CPU
		{61182723-73C7-44C6-A82E-D47EDEDB70A6}.Release|Any CPU.ActiveCfg = Release|Any CPU
		{61182723-73C7-44C6-A82E-D47EDEDB70A6}.Release|Any CPU.Build.0 = Release|Any CPU
	EndGlobalSection
	GlobalSection(SolutionProperties) = preSolution
		HideSolutionNode = FALSE
	EndGlobalSection
	GlobalSection(ExtensibilityGlobals) = postSolution
		SolutionGuid = {F8D66F43-A930-4974-BBE8-D22C603AEF7F}
	EndGlobalSection
EndGlobal
